// !$*UTF8*$!
{
	archiveVersion = 1;
	classes = {
	};
	objectVersion = 50;
	objects = {

/* Begin PBXBuildFile section */
		DD56F7C7282951B700172455 /* Bloque.swift in Sources */ = {isa = PBXBuildFile; fileRef = DD56F7C6282951B700172455 /* Bloque.swift */; };
		DD98E4D8282C0AE5001B9536 /* Game.swift in Sources */ = {isa = PBXBuildFile; fileRef = DD98E4D7282C0AE5001B9536 /* Game.swift */; };
		DD9F4CA4283177D200A72F5B /* player.mp3 in Resources */ = {isa = PBXBuildFile; fileRef = DD9F4CA3283177D200A72F5B /* player.mp3 */; };
		DD9F4CA62831787900A72F5B /* bloque.mp3 in Resources */ = {isa = PBXBuildFile; fileRef = DD9F4CA52831787900A72F5B /* bloque.mp3 */; };
		DDED6A182822DA1200BF2A87 /* Break_Ball_ClaudiasApp.swift in Sources */ = {isa = PBXBuildFile; fileRef = DDED6A172822DA1200BF2A87 /* Break_Ball_ClaudiasApp.swift */; };
		DDED6A1A2822DA1200BF2A87 /* ContentView.swift in Sources */ = {isa = PBXBuildFile; fileRef = DDED6A192822DA1200BF2A87 /* ContentView.swift */; };
		DDED6A1C2822DA1800BF2A87 /* Assets.xcassets in Resources */ = {isa = PBXBuildFile; fileRef = DDED6A1B2822DA1800BF2A87 /* Assets.xcassets */; };
		DDED6A1F2822DA1800BF2A87 /* Preview Assets.xcassets in Resources */ = {isa = PBXBuildFile; fileRef = DDED6A1E2822DA1800BF2A87 /* Preview Assets.xcassets */; };
		DDED6A2C2822DA8600BF2A87 /* Player.swift in Sources */ = {isa = PBXBuildFile; fileRef = DDED6A2B2822DA8600BF2A87 /* Player.swift */; };
		DDED6A2F2822DA9900BF2A87 /* Sprite.swift in Sources */ = {isa = PBXBuildFile; fileRef = DDED6A2E2822DA9900BF2A87 /* Sprite.swift */; };
		DDED6A312822DAE400BF2A87 /* ViewModel.swift in Sources */ = {isa = PBXBuildFile; fileRef = DDED6A302822DAE400BF2A87 /* ViewModel.swift */; };
		DDED6A332822DE1A00BF2A87 /* Ball.swift in Sources */ = {isa = PBXBuildFile; fileRef = DDED6A322822DE1A00BF2A87 /* Ball.swift */; };
/* End PBXBuildFile section */

/* Begin PBXFileReference section */
		DD56F7C6282951B700172455 /* Bloque.swift */ = {isa = PBXFileReference; lastKnownFileType = sourcecode.swift; path = Bloque.swift; sourceTree = "<group>"; };
		DD98E4D7282C0AE5001B9536 /* Game.swift */ = {isa = PBXFileReference; lastKnownFileType = sourcecode.swift; path = Game.swift; sourceTree = "<group>"; };
		DD9F4CA3283177D200A72F5B /* player.mp3 */ = {isa = PBXFileReference; lastKnownFileType = audio.mp3; name = player.mp3; path = ../../../../../../Downloads/player.mp3; sourceTree = "<group>"; };
		DD9F4CA52831787900A72F5B /* bloque.mp3 */ = {isa = PBXFileReference; lastKnownFileType = audio.mp3; name = bloque.mp3; path = ../../../../../../Downloads/bloque.mp3; sourceTree = "<group>"; };
		DDED6A142822DA1200BF2A87 /* Break-Ball_Claudias.app */ = {isa = PBXFileReference; explicitFileType = wrapper.application; includeInIndex = 0; path = "Break-Ball_Claudias.app"; sourceTree = BUILT_PRODUCTS_DIR; };
		DDED6A172822DA1200BF2A87 /* Break_Ball_ClaudiasApp.swift */ = {isa = PBXFileReference; lastKnownFileType = sourcecode.swift; path = Break_Ball_ClaudiasApp.swift; sourceTree = "<group>"; };
		DDED6A192822DA1200BF2A87 /* ContentView.swift */ = {isa = PBXFileReference; lastKnownFileType = sourcecode.swift; path = ContentView.swift; sourceTree = "<group>"; };
		DDED6A1B2822DA1800BF2A87 /* Assets.xcassets */ = {isa = PBXFileReference; lastKnownFileType = folder.assetcatalog; path = Assets.xcassets; sourceTree = "<group>"; };
		DDED6A1E2822DA1800BF2A87 /* Preview Assets.xcassets */ = {isa = PBXFileReference; lastKnownFileType = folder.assetcatalog; path = "Preview Assets.xcassets"; sourceTree = "<group>"; };
		DDED6A202822DA1800BF2A87 /* Info.plist */ = {isa = PBXFileReference; lastKnownFileType = text.plist.xml; path = Info.plist; sourceTree = "<group>"; };
		DDED6A2B2822DA8600BF2A87 /* Player.swift */ = {isa = PBXFileReference; lastKnownFileType = sourcecode.swift; path = Player.swift; sourceTree = "<group>"; };
		DDED6A2E2822DA9900BF2A87 /* Sprite.swift */ = {isa = PBXFileReference; lastKnownFileType = sourcecode.swift; path = Sprite.swift; sourceTree = "<group>"; };
		DDED6A302822DAE400BF2A87 /* ViewModel.swift */ = {isa = PBXFileReference; lastKnownFileType = sourcecode.swift; path = ViewModel.swift; sourceTree = "<group>"; };
		DDED6A322822DE1A00BF2A87 /* Ball.swift */ = {isa = PBXFileReference; lastKnownFileType = sourcecode.swift; path = Ball.swift; sourceTree = "<group>"; };
/* End PBXFileReference section */

/* Begin PBXFrameworksBuildPhase section */
		DDED6A112822DA1200BF2A87 /* Frameworks */ = {
			isa = PBXFrameworksBuildPhase;
			buildActionMask = 2147483647;
			files = (
			);
			runOnlyForDeploymentPostprocessing = 0;
		};
/* End PBXFrameworksBuildPhase section */

/* Begin PBXGroup section */
		DDED6A0B2822DA1200BF2A87 = {
			isa = PBXGroup;
			children = (
				DDED6A162822DA1200BF2A87 /* Break-Ball_Claudias */,
				DDED6A152822DA1200BF2A87 /* Products */,
			);
			sourceTree = "<group>";
		};
		DDED6A152822DA1200BF2A87 /* Products */ = {
			isa = PBXGroup;
			children = (
				DDED6A142822DA1200BF2A87 /* Break-Ball_Claudias.app */,
			);
			name = Products;
			sourceTree = "<group>";
		};
		DDED6A162822DA1200BF2A87 /* Break-Ball_Claudias */ = {
			isa = PBXGroup;
			children = (
				DD9F4CA52831787900A72F5B /* bloque.mp3 */,
				DD9F4CA3283177D200A72F5B /* player.mp3 */,
				DDED6A282822DA4000BF2A87 /* View */,
				DDED6A272822DA3600BF2A87 /* ViewModel */,
				DDED6A262822DA2000BF2A87 /* Model */,
				DDED6A172822DA1200BF2A87 /* Break_Ball_ClaudiasApp.swift */,
				DDED6A1B2822DA1800BF2A87 /* Assets.xcassets */,
				DDED6A202822DA1800BF2A87 /* Info.plist */,
				DDED6A1D2822DA1800BF2A87 /* Preview Content */,
			);
			path = "Break-Ball_Claudias";
			sourceTree = "<group>";
		};
		DDED6A1D2822DA1800BF2A87 /* Preview Content */ = {
			isa = PBXGroup;
			children = (
				DDED6A1E2822DA1800BF2A87 /* Preview Assets.xcassets */,
			);
			path = "Preview Content";
			sourceTree = "<group>";
		};
		DDED6A262822DA2000BF2A87 /* Model */ = {
			isa = PBXGroup;
			children = (
				DDED6A2B2822DA8600BF2A87 /* Player.swift */,
				DDED6A322822DE1A00BF2A87 /* Ball.swift */,
				DDED6A2E2822DA9900BF2A87 /* Sprite.swift */,
				DD56F7C6282951B700172455 /* Bloque.swift */,
			);
			path = Model;
			sourceTree = "<group>";
		};
		DDED6A272822DA3600BF2A87 /* ViewModel */ = {
			isa = PBXGroup;
			children = (
				DDED6A302822DAE400BF2A87 /* ViewModel.swift */,
			);
			path = ViewModel;
			sourceTree = "<group>";
		};
		DDED6A282822DA4000BF2A87 /* View */ = {
			isa = PBXGroup;
			children = (
				DDED6A192822DA1200BF2A87 /* ContentView.swift */,
				DD98E4D7282C0AE5001B9536 /* Game.swift */,
			);
			path = View;
			sourceTree = "<group>";
		};
/* End PBXGroup section */

/* Begin PBXNativeTarget section */
		DDED6A132822DA1200BF2A87 /* Break-Ball_Claudias */ = {
			isa = PBXNativeTarget;
			buildConfigurationList = DDED6A232822DA1800BF2A87 /* Build configuration list for PBXNativeTarget "Break-Ball_Claudias" */;
			buildPhases = (
				DDED6A102822DA1200BF2A87 /* Sources */,
				DDED6A112822DA1200BF2A87 /* Frameworks */,
				DDED6A122822DA1200BF2A87 /* Resources */,
			);
			buildRules = (
			);
			dependencies = (
			);
			name = "Break-Ball_Claudias";
			productName = "Break-Ball_Claudias";
			productReference = DDED6A142822DA1200BF2A87 /* Break-Ball_Claudias.app */;
			productType = "com.apple.product-type.application";
		};
/* End PBXNativeTarget section */

/* Begin PBXProject section */
		DDED6A0C2822DA1200BF2A87 /* Project object */ = {
			isa = PBXProject;
			attributes = {
				LastSwiftUpdateCheck = 1250;
				LastUpgradeCheck = 1250;
				TargetAttributes = {
					DDED6A132822DA1200BF2A87 = {
						CreatedOnToolsVersion = 12.5;
					};
				};
			};
			buildConfigurationList = DDED6A0F2822DA1200BF2A87 /* Build configuration list for PBXProject "Break-Ball_Claudias" */;
			compatibilityVersion = "Xcode 9.3";
			developmentRegion = en;
			hasScannedForEncodings = 0;
			knownRegions = (
				en,
				Base,
			);
			mainGroup = DDED6A0B2822DA1200BF2A87;
			productRefGroup = DDED6A152822DA1200BF2A87 /* Products */;
			projectDirPath = "";
			projectRoot = "";
			targets = (
				DDED6A132822DA1200BF2A87 /* Break-Ball_Claudias */,
			);
		};
/* End PBXProject section */

/* Begin PBXResourcesBuildPhase section */
		DDED6A122822DA1200BF2A87 /* Resources */ = {
			isa = PBXResourcesBuildPhase;
			buildActionMask = 2147483647;
			files = (
				DD9F4CA62831787900A72F5B /* bloque.mp3 in Resources */,
				DDED6A1F2822DA1800BF2A87 /* Preview Assets.xcassets in Resources */,
				DD9F4CA4283177D200A72F5B /* player.mp3 in Resources */,
				DDED6A1C2822DA1800BF2A87 /* Assets.xcassets in Resources */,
			);
			runOnlyForDeploymentPostprocessing = 0;
		};
/* End PBXResourcesBuildPhase section */

/* Begin PBXSourcesBuildPhase section */
		DDED6A102822DA1200BF2A87 /* Sources */ = {
			isa = PBXSourcesBuildPhase;
			buildActionMask = 2147483647;
			files = (
				DDED6A332822DE1A00BF2A87 /* Ball.swift in Sources */,
				DDED6A312822DAE400BF2A87 /* ViewModel.swift in Sources */,
				DDED6A1A2822DA1200BF2A87 /* ContentView.swift in Sources */,
				DDED6A2C2822DA8600BF2A87 /* Player.swift in Sources */,
				DD56F7C7282951B700172455 /* Bloque.swift in Sources */,
				DDED6A2F2822DA9900BF2A87 /* Sprite.swift in Sources */,
				DDED6A182822DA1200BF2A87 /* Break_Ball_ClaudiasApp.swift in Sources */,
				DD98E4D8282C0AE5001B9536 /* Game.swift in Sources */,
			);
			runOnlyForDeploymentPostprocessing = 0;
		};
/* End PBXSourcesBuildPhase section */

/* Begin XCBuildConfiguration section */
		DDED6A212822DA1800BF2A87 /* Debug */ = {
			isa = XCBuildConfiguration;
			buildSettings = {
				ALWAYS_SEARCH_USER_PATHS = NO;
				CLANG_ANALYZER_NONNULL = YES;
				CLANG_ANALYZER_NUMBER_OBJECT_CONVERSION = YES_AGGRESSIVE;
				CLANG_CXX_LANGUAGE_STANDARD = "gnu++14";
				CLANG_CXX_LIBRARY = "libc++";
				CLANG_ENABLE_MODULES = YES;
				CLANG_ENABLE_OBJC_ARC = YES;
				CLANG_ENABLE_OBJC_WEAK = YES;
				CLANG_WARN_BLOCK_CAPTURE_AUTORELEASING = YES;
				CLANG_WARN_BOOL_CONVERSION = YES;
				CLANG_WARN_COMMA = YES;
				CLANG_WARN_CONSTANT_CONVERSION = YES;
				CLANG_WARN_DEPRECATED_OBJC_IMPLEMENTATIONS = YES;
				CLANG_WARN_DIRECT_OBJC_ISA_USAGE = YES_ERROR;
				CLANG_WARN_DOCUMENTATION_COMMENTS = YES;
				CLANG_WARN_EMPTY_BODY = YES;
				CLANG_WARN_ENUM_CONVERSION = YES;
				CLANG_WARN_INFINITE_RECURSION = YES;
				CLANG_WARN_INT_CONVERSION = YES;
				CLANG_WARN_NON_LITERAL_NULL_CONVERSION = YES;
				CLANG_WARN_OBJC_IMPLICIT_RETAIN_SELF = YES;
				CLANG_WARN_OBJC_LITERAL_CONVERSION = YES;
				CLANG_WARN_OBJC_ROOT_CLASS = YES_ERROR;
				CLANG_WARN_QUOTED_INCLUDE_IN_FRAMEWORK_HEADER = YES;
				CLANG_WARN_RANGE_LOOP_ANALYSIS = YES;
				CLANG_WARN_STRICT_PROTOTYPES = YES;
				CLANG_WARN_SUSPICIOUS_MOVE = YES;
				CLANG_WARN_UNGUARDED_AVAILABILITY = YES_AGGRESSIVE;
				CLANG_WARN_UNREACHABLE_CODE = YES;
				CLANG_WARN__DUPLICATE_METHOD_MATCH = YES;
				COPY_PHASE_STRIP = NO;
				DEBUG_INFORMATION_FORMAT = dwarf;
				ENABLE_STRICT_OBJC_MSGSEND = YES;
				ENABLE_TESTABILITY = YES;
				GCC_C_LANGUAGE_STANDARD = gnu11;
				GCC_DYNAMIC_NO_PIC = NO;
				GCC_NO_COMMON_BLOCKS = YES;
				GCC_OPTIMIZATION_LEVEL = 0;
				GCC_PREPROCESSOR_DEFINITIONS = (
					"DEBUG=1",
					"$(inherited)",
				);
				GCC_WARN_64_TO_32_BIT_CONVERSION = YES;
				GCC_WARN_ABOUT_RETURN_TYPE = YES_ERROR;
				GCC_WARN_UNDECLARED_SELECTOR = YES;
				GCC_WARN_UNINITIALIZED_AUTOS = YES_AGGRESSIVE;
				GCC_WARN_UNUSED_FUNCTION = YES;
				GCC_WARN_UNUSED_VARIABLE = YES;
				IPHONEOS_DEPLOYMENT_TARGET = 14.5;
				MTL_ENABLE_DEBUG_INFO = INCLUDE_SOURCE;
				MTL_FAST_MATH = YES;
				ONLY_ACTIVE_ARCH = YES;
				SDKROOT = iphoneos;
				SWIFT_ACTIVE_COMPILATION_CONDITIONS = DEBUG;
				SWIFT_OPTIMIZATION_LEVEL = "-Onone";
			};
			name = Debug;
		};
		DDED6A222822DA1800BF2A87 /* Release */ = {
			isa = XCBuildConfiguration;
			buildSettings = {
				ALWAYS_SEARCH_USER_PATHS = NO;
				CLANG_ANALYZER_NONNULL = YES;
				CLANG_ANALYZER_NUMBER_OBJECT_CONVERSION = YES_AGGRESSIVE;
				CLANG_CXX_LANGUAGE_STANDARD = "gnu++14";
				CLANG_CXX_LIBRARY = "libc++";
				CLANG_ENABLE_MODULES = YES;
				CLANG_ENABLE_OBJC_ARC = YES;
				CLANG_ENABLE_OBJC_WEAK = YES;
				CLANG_WARN_BLOCK_CAPTURE_AUTORELEASING = YES;
				CLANG_WARN_BOOL_CONVERSION = YES;
				CLANG_WARN_COMMA = YES;
				CLANG_WARN_CONSTANT_CONVERSION = YES;
				CLANG_WARN_DEPRECATED_OBJC_IMPLEMENTATIONS = YES;
				CLANG_WARN_DIRECT_OBJC_ISA_USAGE = YES_ERROR;
				CLANG_WARN_DOCUMENTATION_COMMENTS = YES;
				CLANG_WARN_EMPTY_BODY = YES;
				CLANG_WARN_ENUM_CONVERSION = YES;
				CLANG_WARN_INFINITE_RECURSION = YES;
				CLANG_WARN_INT_CONVERSION = YES;
				CLANG_WARN_NON_LITERAL_NULL_CONVERSION = YES;
				CLANG_WARN_OBJC_IMPLICIT_RETAIN_SELF = YES;
				CLANG_WARN_OBJC_LITERAL_CONVERSION = YES;
				CLANG_WARN_OBJC_ROOT_CLASS = YES_ERROR;
				CLANG_WARN_QUOTED_INCLUDE_IN_FRAMEWORK_HEADER = YES;
				CLANG_WARN_RANGE_LOOP_ANALYSIS = YES;
				CLANG_WARN_STRICT_PROTOTYPES = YES;
				CLANG_WARN_SUSPICIOUS_MOVE = YES;
				CLANG_WARN_UNGUARDED_AVAILABILITY = YES_AGGRESSIVE;
				CLANG_WARN_UNREACHABLE_CODE = YES;
				CLANG_WARN__DUPLICATE_METHOD_MATCH = YES;
				COPY_PHASE_STRIP = NO;
				DEBUG_INFORMATION_FORMAT = "dwarf-with-dsym";
				ENABLE_NS_ASSERTIONS = NO;
				ENABLE_STRICT_OBJC_MSGSEND = YES;
				GCC_C_LANGUAGE_STANDARD = gnu11;
				GCC_NO_COMMON_BLOCKS = YES;
				GCC_WARN_64_TO_32_BIT_CONVERSION = YES;
				GCC_WARN_ABOUT_RETURN_TYPE = YES_ERROR;
				GCC_WARN_UNDECLARED_SELECTOR = YES;
				GCC_WARN_UNINITIALIZED_AUTOS = YES_AGGRESSIVE;
				GCC_WARN_UNUSED_FUNCTION = YES;
				GCC_WARN_UNUSED_VARIABLE = YES;
				IPHONEOS_DEPLOYMENT_TARGET = 14.5;
				MTL_ENABLE_DEBUG_INFO = NO;
				MTL_FAST_MATH = YES;
				SDKROOT = iphoneos;
				SWIFT_COMPILATION_MODE = wholemodule;
				SWIFT_OPTIMIZATION_LEVEL = "-O";
				VALIDATE_PRODUCT = YES;
			};
			name = Release;
		};
		DDED6A242822DA1800BF2A87 /* Debug */ = {
			isa = XCBuildConfiguration;
			buildSettings = {
				ASSETCATALOG_COMPILER_APPICON_NAME = AppIcon;
				ASSETCATALOG_COMPILER_GLOBAL_ACCENT_COLOR_NAME = AccentColor;
				CODE_SIGN_STYLE = Automatic;
				DEVELOPMENT_ASSET_PATHS = "\"Break-Ball_Claudias/Preview Content\"";
				DEVELOPMENT_TEAM = 9QVYBYCAP3;
				ENABLE_PREVIEWS = YES;
				INFOPLIST_FILE = "Break-Ball_Claudias/Info.plist";
				IPHONEOS_DEPLOYMENT_TARGET = 14.0;
				LD_RUNPATH_SEARCH_PATHS = (
					"$(inherited)",
					"@executable_path/Frameworks",
				);
				PRODUCT_BUNDLE_IDENTIFIER = "com.ClaudiaAzorin.Break-Ball-Claudias";
				PRODUCT_NAME = "$(TARGET_NAME)";
				SWIFT_VERSION = 5.0;
				TARGETED_DEVICE_FAMILY = "1,2";
			};
			name = Debug;
		};
		DDED6A252822DA1800BF2A87 /* Release */ = {
			isa = XCBuildConfiguration;
			buildSettings = {
				ASSETCATALOG_COMPILER_APPICON_NAME = AppIcon;
				ASSETCATALOG_COMPILER_GLOBAL_ACCENT_COLOR_NAME = AccentColor;
				CODE_SIGN_STYLE = Automatic;
				DEVELOPMENT_ASSET_PATHS = "\"Break-Ball_Claudias/Preview Content\"";
				DEVELOPMENT_TEAM = 9QVYBYCAP3;
				ENABLE_PREVIEWS = YES;
				INFOPLIST_FILE = "Break-Ball_Claudias/Info.plist";
				IPHONEOS_DEPLOYMENT_TARGET = 14.0;
				LD_RUNPATH_SEARCH_PATHS = (
					"$(inherited)",
					"@executable_path/Frameworks",
				);
				PRODUCT_BUNDLE_IDENTIFIER = "com.ClaudiaAzorin.Break-Ball-Claudias";
				PRODUCT_NAME = "$(TARGET_NAME)";
				SWIFT_VERSION = 5.0;
				TARGETED_DEVICE_FAMILY = "1,2";
			};
			name = Release;
		};
/* End XCBuildConfiguration section */

/* Begin XCConfigurationList section */
		DDED6A0F2822DA1200BF2A87 /* Build configuration list for PBXProject "Break-Ball_Claudias" */ = {
			isa = XCConfigurationList;
			buildConfigurations = (
				DDED6A212822DA1800BF2A87 /* Debug */,
				DDED6A222822DA1800BF2A87 /* Release */,
			);
			defaultConfigurationIsVisible = 0;
			defaultConfigurationName = Release;
		};
		DDED6A232822DA1800BF2A87 /* Build configuration list for PBXNativeTarget "Break-Ball_Claudias" */ = {
			isa = XCConfigurationList;
			buildConfigurations = (
				DDED6A242822DA1800BF2A87 /* Debug */,
				DDED6A252822DA1800BF2A87 /* Release */,
			);
			defaultConfigurationIsVisible = 0;
			defaultConfigurationName = Release;
		};
/* End XCConfigurationList section */
	};
	rootObject = DDED6A0C2822DA1200BF2A87 /* Project object */;
}
